// !$*UTF8*$!
{
	archiveVersion = 1;
	classes = {
	};
	objectVersion = 56;
	objects = {

/* Begin PBXBuildFile section */
		7F8736366994469490E442F4 /* GroceryGrandPrixApp.swift in Sources */ = {isa = PBXBuildFile; fileRef = 49054C383CD94CA7BB19A56F /* GroceryGrandPrixApp.swift */; };
		3AA0F1053919480B936E9BD8 /* ContentView.swift in Sources */ = {isa = PBXBuildFile; fileRef = 4FA8F09CB78541E09B81CC23 /* ContentView.swift */; };
		DC7A8CC1BB3D4C9380D9C3E3 /* GameState.swift in Sources */ = {isa = PBXBuildFile; fileRef = 35CE34BDE09F409FBA9E6A0F /* GameState.swift */; };
		8FC5C6945AA9477AA1601C8B /* GameScene.swift in Sources */ = {isa = PBXBuildFile; fileRef = BFC7986B033445A0ACBB279E /* GameScene.swift */; };
		1BFD8F13C955408191A59B3C /* Cart.swift in Sources */ = {isa = PBXBuildFile; fileRef = CC45D6E70AC74665AFD3B6B6 /* Cart.swift */; };
		7B251F6111D144009C337F96 /* Track.swift in Sources */ = {isa = PBXBuildFile; fileRef = 834EBA8F3E224D60851E860E /* Track.swift */; };
		B67FFB7EA52F4F41A64C678A /* Item.swift in Sources */ = {isa = PBXBuildFile; fileRef = 6547C5FEADA6445D8F2AFD91 /* Item.swift */; };
		3BD0BF4DE17B463392BF47A8 /* GameViews.swift in Sources */ = {isa = PBXBuildFile; fileRef = 2B13FF488F734D8A94D95845 /* GameViews.swift */; };
		4028777329A045DEACD6B881 /* Theme.swift in Sources */ = {isa = PBXBuildFile; fileRef = C8DED3E790754160A4E7274F /* Theme.swift */; };
		8BFA97FC915944739F50F244 /* Assets.xcassets in Resources */ = {isa = PBXBuildFile; fileRef = 3ED4498A69B248419A13707E /* Assets.xcassets */; };
/* End PBXBuildFile section */

/* Begin PBXFileReference section */
		5894EDC6198947D899638E23 /* GroceryGrandPrix.app */ = {isa = PBXFileReference; explicitFileType = wrapper.application; includeInIndex = 0; path = GroceryGrandPrix.app; sourceTree = BUILT_PRODUCTS_DIR; };
		49054C383CD94CA7BB19A56F /* GroceryGrandPrixApp.swift */ = {isa = PBXFileReference; lastKnownFileType = sourcecode.swift; path = GroceryGrandPrixApp.swift; sourceTree = "<group>"; };
		4FA8F09CB78541E09B81CC23 /* ContentView.swift */ = {isa = PBXFileReference; lastKnownFileType = sourcecode.swift; path = ContentView.swift; sourceTree = "<group>"; };
		35CE34BDE09F409FBA9E6A0F /* GameState.swift */ = {isa = PBXFileReference; lastKnownFileType = sourcecode.swift; path = GameState.swift; sourceTree = "<group>"; };
		BFC7986B033445A0ACBB279E /* GameScene.swift */ = {isa = PBXFileReference; lastKnownFileType = sourcecode.swift; path = GameScene.swift; sourceTree = "<group>"; };
		CC45D6E70AC74665AFD3B6B6 /* Cart.swift */ = {isa = PBXFileReference; lastKnownFileType = sourcecode.swift; path = Cart.swift; sourceTree = "<group>"; };
		834EBA8F3E224D60851E860E /* Track.swift */ = {isa = PBXFileReference; lastKnownFileType = sourcecode.swift; path = Track.swift; sourceTree = "<group>"; };
		6547C5FEADA6445D8F2AFD91 /* Item.swift */ = {isa = PBXFileReference; lastKnownFileType = sourcecode.swift; path = Item.swift; sourceTree = "<group>"; };
		2B13FF488F734D8A94D95845 /* GameViews.swift */ = {isa = PBXFileReference; lastKnownFileType = sourcecode.swift; path = GameViews.swift; sourceTree = "<group>"; };
		C8DED3E790754160A4E7274F /* Theme.swift */ = {isa = PBXFileReference; lastKnownFileType = sourcecode.swift; path = Theme.swift; sourceTree = "<group>"; };
		3ED4498A69B248419A13707E /* Assets.xcassets */ = {isa = PBXFileReference; lastKnownFileType = folder.assetcatalog; path = Assets.xcassets; sourceTree = "<group>"; };
/* End PBXFileReference section */

/* Begin PBXFrameworksBuildPhase section */
		4064C12BB59A47C0A9E77A8C /* Frameworks */ = {
			isa = PBXFrameworksBuildPhase;
			buildActionMask = 2147483647;
			files = (
			);
			runOnlyForDeploymentPostprocessing = 0;
		};
/* End PBXFrameworksBuildPhase section */

/* Begin PBXGroup section */
		0A869A730EC54DA6A86C3A62 = {
			isa = PBXGroup;
			children = (
				7F0A176536AD4FB5887755F9 /* GroceryGrandPrix */,
				63DB25C04D5C443DAEE11B03 /* Products */,
			);
			sourceTree = "<group>";
		};
		63DB25C04D5C443DAEE11B03 /* Products */ = {
			isa = PBXGroup;
			children = (
				5894EDC6198947D899638E23 /* GroceryGrandPrix.app */,
			);
			name = Products;
			sourceTree = "<group>";
		};
		7F0A176536AD4FB5887755F9 /* GroceryGrandPrix */ = {
			isa = PBXGroup;
			children = (
				49054C383CD94CA7BB19A56F /* GroceryGrandPrixApp.swift */,
				4FA8F09CB78541E09B81CC23 /* ContentView.swift */,
				35CE34BDE09F409FBA9E6A0F /* GameState.swift */,
				BFC7986B033445A0ACBB279E /* GameScene.swift */,
				CC45D6E70AC74665AFD3B6B6 /* Cart.swift */,
				834EBA8F3E224D60851E860E /* Track.swift */,
				6547C5FEADA6445D8F2AFD91 /* Item.swift */,
				2B13FF488F734D8A94D95845 /* GameViews.swift */,
				C8DED3E790754160A4E7274F /* Theme.swift */,
				3ED4498A69B248419A13707E /* Assets.xcassets */,
			);
			path = GroceryGrandPrix;
			sourceTree = "<group>";
		};
/* End PBXGroup section */

/* Begin PBXNativeTarget section */
		72054693DF2A40D3BE2F94F3 /* GroceryGrandPrix */ = {
			isa = PBXNativeTarget;
			buildConfigurationList = 17138F0653CB4DE2AAF6A7FB /* Build configuration list for PBXNativeTarget "GroceryGrandPrix" */;
			buildPhases = (
				CE7246BDC9B54A0AB2489B3F /* Sources */,
				4064C12BB59A47C0A9E77A8C /* Frameworks */,
				D0F649E6F5B145768C87718F /* Resources */,
			);
			buildRules = (
			);
			dependencies = (
			);
			name = GroceryGrandPrix;
			productName = GroceryGrandPrix;
			productReference = 5894EDC6198947D899638E23 /* GroceryGrandPrix.app */;
			productType = "com.apple.product-type.application";
		};
/* End PBXNativeTarget section */

/* Begin PBXProject section */
		B964503375274065A1E9D7C6 /* Project object */ = {
			isa = PBXProject;
			attributes = {
				BuildIndependentTargetsInParallel = 1;
				LastSwiftUpdateCheck = 1500;
				LastUpgradeCheck = 1500;
				TargetAttributes = {
					72054693DF2A40D3BE2F94F3 = {
						CreatedOnToolsVersion = 15.0;
					};
				};
			};
			buildConfigurationList = 870E1DF8242D4968BD5AAE0D /* Build configuration list for PBXProject "GroceryGrandPrix" */;
			compatibilityVersion = "Xcode 14.0";
			developmentRegion = en;
			hasScannedForEncodings = 0;
			knownRegions = (
				en,
				Base,
			);
			mainGroup = 0A869A730EC54DA6A86C3A62;
			productRefGroup = 63DB25C04D5C443DAEE11B03 /* Products */;
			projectDirPath = "";
			projectRoot = "";
			targets = (
				72054693DF2A40D3BE2F94F3 /* GroceryGrandPrix */,
			);
		};
/* End PBXProject section */

/* Begin PBXResourcesBuildPhase section */
		D0F649E6F5B145768C87718F /* Resources */ = {
			isa = PBXResourcesBuildPhase;
			buildActionMask = 2147483647;
			files = (
				8BFA97FC915944739F50F244 /* Assets.xcassets in Resources */,
			);
			runOnlyForDeploymentPostprocessing = 0;
		};
/* End PBXResourcesBuildPhase section */

/* Begin PBXSourcesBuildPhase section */
		CE7246BDC9B54A0AB2489B3F /* Sources */ = {
			isa = PBXSourcesBuildPhase;
			buildActionMask = 2147483647;
			files = (
				7F8736366994469490E442F4 /* GroceryGrandPrixApp.swift in Sources */,
				3AA0F1053919480B936E9BD8 /* ContentView.swift in Sources */,
				DC7A8CC1BB3D4C9380D9C3E3 /* GameState.swift in Sources */,
				8FC5C6945AA9477AA1601C8B /* GameScene.swift in Sources */,
				1BFD8F13C955408191A59B3C /* Cart.swift in Sources */,
				7B251F6111D144009C337F96 /* Track.swift in Sources */,
				B67FFB7EA52F4F41A64C678A /* Item.swift in Sources */,
				3BD0BF4DE17B463392BF47A8 /* GameViews.swift in Sources */,
				4028777329A045DEACD6B881 /* Theme.swift in Sources */,
			);
			runOnlyForDeploymentPostprocessing = 0;
		};
/* End PBXSourcesBuildPhase section */

/* Begin XCBuildConfiguration section */
		E5766385C2324A4CB54556E1 /* Debug */ = {
			isa = XCBuildConfiguration;
			buildSettings = {
				ALWAYS_SEARCH_USER_PATHS = NO;
				ASSETCATALOG_COMPILER_GENERATE_SWIFT_ASSET_SYMBOL_EXTENSIONS = YES;
				CLANG_ANALYZER_NONNULL = YES;
				CLANG_ANALYZER_NUMBER_OBJECT_CONVERSION = YES_AGGRESSIVE;
				CLANG_CXX_LANGUAGE_STANDARD = "gnu++20";
				CLANG_ENABLE_MODULES = YES;
				CLANG_ENABLE_OBJC_ARC = YES;
				CLANG_ENABLE_OBJC_WEAK = YES;
				CLANG_WARN_BLOCK_CAPTURE_AUTORELEASING = YES;
				CLANG_WARN_BOOL_CONVERSION = YES;
				CLANG_WARN_COMMA = YES;
				CLANG_WARN_CONSTANT_CONVERSION = YES;
				CLANG_WARN_DEPRECATED_OBJC_IMPLEMENTATIONS = YES;
				CLANG_WARN_DIRECT_OBJC_ISA_USAGE = YES_ERROR;
				CLANG_WARN_DOCUMENTATION_COMMENTS = YES;
				CLANG_WARN_EMPTY_BODY = YES;
				CLANG_WARN_ENUM_CONVERSION = YES;
				CLANG_WARN_INFINITE_RECURSION = YES;
				CLANG_WARN_INT_CONVERSION = YES;
				CLANG_WARN_NON_LITERAL_NULL_CONVERSION = YES;
				CLANG_WARN_OBJC_IMPLICIT_RETAIN_SELF = YES;
				CLANG_WARN_OBJC_LITERAL_CONVERSION = YES;
				CLANG_WARN_OBJC_ROOT_CLASS = YES_ERROR;
				CLANG_WARN_QUOTED_INCLUDE_IN_FRAMEWORK_HEADER = YES;
				CLANG_WARN_RANGE_LOOP_ANALYSIS = YES;
				CLANG_WARN_STRICT_PROTOTYPES = YES;
				CLANG_WARN_SUSPICIOUS_MOVE = YES;
				CLANG_WARN_UNGUARDED_AVAILABILITY = YES_AGGRESSIVE;
				CLANG_WARN_UNREACHABLE_CODE = YES;
				CLANG_WARN__DUPLICATE_METHOD_MATCH = YES;
				COPY_PHASE_STRIP = NO;
				DEBUG_INFORMATION_FORMAT = dwarf;
				ENABLE_STRICT_OBJC_MSGSEND = YES;
				ENABLE_TESTABILITY = YES;
				ENABLE_USER_SCRIPT_SANDBOXING = YES;
				GCC_C_LANGUAGE_STANDARD = gnu17;
				GCC_DYNAMIC_NO_PIC = NO;
				GCC_NO_COMMON_BLOCKS = YES;
				GCC_OPTIMIZATION_LEVEL = 0;
				GCC_PREPROCESSOR_DEFINITIONS = (
					"DEBUG=1",
					"$(inherited)",
				);
				GCC_WARN_64_TO_32_BIT_CONVERSION = YES;
				GCC_WARN_ABOUT_RETURN_TYPE = YES_ERROR;
				GCC_WARN_UNDECLARED_SELECTOR = YES;
				GCC_WARN_UNINITIALIZED_AUTOS = YES_AGGRESSIVE;
				GCC_WARN_UNUSED_FUNCTION = YES;
				GCC_WARN_UNUSED_VARIABLE = YES;
				IPHONEOS_DEPLOYMENT_TARGET = 16.0;
				LOCALIZATION_PREFERS_STRING_CATALOGS = YES;
				MTL_ENABLE_DEBUG_INFO = INCLUDE_SOURCE;
				MTL_FAST_MATH = YES;
				ONLY_ACTIVE_ARCH = YES;
				SDKROOT = iphoneos;
				SWIFT_ACTIVE_COMPILATION_CONDITIONS = "DEBUG $(inherited)";
				SWIFT_OPTIMIZATION_LEVEL = "-Onone";
			};
			name = Debug;
		};
		7990904044D54459B427B0C6 /* Release */ = {
			isa = XCBuildConfiguration;
			buildSettings = {
				ALWAYS_SEARCH_USER_PATHS = NO;
				ASSETCATALOG_COMPILER_GENERATE_SWIFT_ASSET_SYMBOL_EXTENSIONS = YES;
				CLANG_ANALYZER_NONNULL = YES;
				CLANG_ANALYZER_NUMBER_OBJECT_CONVERSION = YES_AGGRESSIVE;
				CLANG_CXX_LANGUAGE_STANDARD = "gnu++20";
				CLANG_ENABLE_MODULES = YES;
				CLANG_ENABLE_OBJC_ARC = YES;
				CLANG_ENABLE_OBJC_WEAK = YES;
				CLANG_WARN_BLOCK_CAPTURE_AUTORELEASING = YES;
				CLANG_WARN_BOOL_CONVERSION = YES;
				CLANG_WARN_COMMA = YES;
				CLANG_WARN_CONSTANT_CONVERSION = YES;
				CLANG_WARN_DEPRECATED_OBJC_IMPLEMENTATIONS = YES;
				CLANG_WARN_DIRECT_OBJC_ISA_USAGE = YES_ERROR;
				CLANG_WARN_DOCUMENTATION_COMMENTS = YES;
				CLANG_WARN_EMPTY_BODY = YES;
				CLANG_WARN_ENUM_CONVERSION = YES;
				CLANG_WARN_INFINITE_RECURSION = YES;
				CLANG_WARN_INT_CONVERSION = YES;
				CLANG_WARN_NON_LITERAL_NULL_CONVERSION = YES;
				CLANG_WARN_OBJC_IMPLICIT_RETAIN_SELF = YES;
				CLANG_WARN_OBJC_LITERAL_CONVERSION = YES;
				CLANG_WARN_OBJC_ROOT_CLASS = YES_ERROR;
				CLANG_WARN_QUOTED_INCLUDE_IN_FRAMEWORK_HEADER = YES;
				CLANG_WARN_RANGE_LOOP_ANALYSIS = YES;
				CLANG_WARN_STRICT_PROTOTYPES = YES;
				CLANG_WARN_SUSPICIOUS_MOVE = YES;
				CLANG_WARN_UNGUARDED_AVAILABILITY = YES_AGGRESSIVE;
				CLANG_WARN_UNREACHABLE_CODE = YES;
				CLANG_WARN__DUPLICATE_METHOD_MATCH = YES;
				COPY_PHASE_STRIP = NO;
				DEBUG_INFORMATION_FORMAT = "dwarf-with-dsym";
				ENABLE_NS_ASSERTIONS = NO;
				ENABLE_STRICT_OBJC_MSGSEND = YES;
				ENABLE_USER_SCRIPT_SANDBOXING = YES;
				GCC_C_LANGUAGE_STANDARD = gnu17;
				GCC_NO_COMMON_BLOCKS = YES;
				GCC_WARN_64_TO_32_BIT_CONVERSION = YES;
				GCC_WARN_ABOUT_RETURN_TYPE = YES_ERROR;
				GCC_WARN_UNDECLARED_SELECTOR = YES;
				GCC_WARN_UNINITIALIZED_AUTOS = YES_AGGRESSIVE;
				GCC_WARN_UNUSED_FUNCTION = YES;
				GCC_WARN_UNUSED_VARIABLE = YES;
				IPHONEOS_DEPLOYMENT_TARGET = 16.0;
				LOCALIZATION_PREFERS_STRING_CATALOGS = YES;
				MTL_ENABLE_DEBUG_INFO = NO;
				MTL_FAST_MATH = YES;
				SDKROOT = iphoneos;
				SWIFT_COMPILATION_MODE = wholemodule;
				VALIDATE_PRODUCT = YES;
			};
			name = Release;
		};
		28F0071DAF1A4CB6B4369479 /* Debug */ = {
			isa = XCBuildConfiguration;
			buildSettings = {
				ASSETCATALOG_COMPILER_APPICON_NAME = AppIcon;
				ASSETCATALOG_COMPILER_GLOBAL_ACCENT_COLOR_NAME = AccentColor;
				CODE_SIGN_STYLE = Automatic;
				CURRENT_PROJECT_VERSION = 1;
				DEVELOPMENT_ASSET_PATHS = "";
				ENABLE_PREVIEWS = YES;
				GENERATE_INFOPLIST_FILE = YES;
				INFOPLIST_KEY_UIApplicationSceneManifest_Generation = YES;
				INFOPLIST_KEY_UIApplicationSupportsIndirectInputEvents = YES;
				INFOPLIST_KEY_UILaunchScreen_Generation = YES;
				INFOPLIST_KEY_UIStatusBarHidden = YES;
				INFOPLIST_KEY_UISupportedInterfaceOrientations_iPad = "UIInterfaceOrientationLandscapeLeft UIInterfaceOrientationLandscapeRight";
				INFOPLIST_KEY_UISupportedInterfaceOrientations_iPhone = "UIInterfaceOrientationLandscapeLeft UIInterfaceOrientationLandscapeRight";
				IPHONEOS_DEPLOYMENT_TARGET = 16.0;
				LD_RUNPATH_SEARCH_PATHS = (
					"$(inherited)",
					"@executable_path/Frameworks",
				);
				MARKETING_VERSION = 1.0;
				PRODUCT_BUNDLE_IDENTIFIER = com.example.GroceryGrandPrix;
				PRODUCT_NAME = "$(TARGET_NAME)";
				SWIFT_EMIT_LOC_STRINGS = YES;
				SWIFT_VERSION = 5.0;
				TARGETED_DEVICE_FAMILY = "1,2";
			};
			name = Debug;
		};
		ACCB4C5570C14C1DBDE67E4E /* Release */ = {
			isa = XCBuildConfiguration;
			buildSettings = {
				ASSETCATALOG_COMPILER_APPICON_NAME = AppIcon;
				ASSETCATALOG_COMPILER_GLOBAL_ACCENT_COLOR_NAME = AccentColor;
				CODE_SIGN_STYLE = Automatic;
				CURRENT_PROJECT_VERSION = 1;
				DEVELOPMENT_ASSET_PATHS = "";
				ENABLE_PREVIEWS = YES;
				GENERATE_INFOPLIST_FILE = YES;
				INFOPLIST_KEY_UIApplicationSceneManifest_Generation = YES;
				INFOPLIST_KEY_UIApplicationSupportsIndirectInputEvents = YES;
				INFOPLIST_KEY_UILaunchScreen_Generation = YES;
				INFOPLIST_KEY_UIStatusBarHidden = YES;
				INFOPLIST_KEY_UISupportedInterfaceOrientations_iPad = "UIInterfaceOrientationLandscapeLeft UIInterfaceOrientationLandscapeRight";
				INFOPLIST_KEY_UISupportedInterfaceOrientations_iPhone = "UIInterfaceOrientationLandscapeLeft UIInterfaceOrientationLandscapeRight";
				IPHONEOS_DEPLOYMENT_TARGET = 16.0;
				LD_RUNPATH_SEARCH_PATHS = (
					"$(inherited)",
					"@executable_path/Frameworks",
				);
				MARKETING_VERSION = 1.0;
				PRODUCT_BUNDLE_IDENTIFIER = com.example.GroceryGrandPrix;
				PRODUCT_NAME = "$(TARGET_NAME)";
				SWIFT_EMIT_LOC_STRINGS = YES;
				SWIFT_VERSION = 5.0;
				TARGETED_DEVICE_FAMILY = "1,2";
			};
			name = Release;
		};
/* End XCBuildConfiguration section */

/* Begin XCConfigurationList section */
		870E1DF8242D4968BD5AAE0D /* Build configuration list for PBXProject "GroceryGrandPrix" */ = {
			isa = XCConfigurationList;
			buildConfigurations = (
				E5766385C2324A4CB54556E1 /* Debug */,
				7990904044D54459B427B0C6 /* Release */,
			);
			defaultConfigurationIsVisible = 0;
			defaultConfigurationName = Release;
		};
		17138F0653CB4DE2AAF6A7FB /* Build configuration list for PBXNativeTarget "GroceryGrandPrix" */ = {
			isa = XCConfigurationList;
			buildConfigurations = (
				28F0071DAF1A4CB6B4369479 /* Debug */,
				ACCB4C5570C14C1DBDE67E4E /* Release */,
			);
			defaultConfigurationIsVisible = 0;
			defaultConfigurationName = Release;
		};
/* End XCConfigurationList section */
	};
	rootObject = B964503375274065A1E9D7C6 /* Project object */;
}
