// !$*UTF8*$!
{
	archiveVersion = 1;
	classes = {
	};
	objectVersion = 56;
	objects = {

/* Begin PBXBuildFile section */
		A10000010000000000000001 /* CartKartApp.swift in Sources */ = {isa = PBXBuildFile; fileRef = A20000010000000000000001 /* CartKartApp.swift */; };
		A10000010000000000000002 /* ContentView.swift in Sources */ = {isa = PBXBuildFile; fileRef = A20000010000000000000002 /* ContentView.swift */; };
		A10000010000000000000003 /* MenuScene.swift in Sources */ = {isa = PBXBuildFile; fileRef = A20000010000000000000003 /* MenuScene.swift */; };
		A10000010000000000000004 /* GameScene.swift in Sources */ = {isa = PBXBuildFile; fileRef = A20000010000000000000004 /* GameScene.swift */; };
		A10000010000000000000005 /* ResultsScene.swift in Sources */ = {isa = PBXBuildFile; fileRef = A20000010000000000000005 /* ResultsScene.swift */; };
		A10000010000000000000006 /* CartRacer.swift in Sources */ = {isa = PBXBuildFile; fileRef = A20000010000000000000006 /* CartRacer.swift */; };
		A10000010000000000000007 /* AIController.swift in Sources */ = {isa = PBXBuildFile; fileRef = A20000010000000000000007 /* AIController.swift */; };
		A10000010000000000000008 /* InputManager.swift in Sources */ = {isa = PBXBuildFile; fileRef = A20000010000000000000008 /* InputManager.swift */; };
		A10000010000000000000009 /* PowerUpType.swift in Sources */ = {isa = PBXBuildFile; fileRef = A20000010000000000000009 /* PowerUpType.swift */; };
		A10000010000000000000010 /* RaceState.swift in Sources */ = {isa = PBXBuildFile; fileRef = A20000010000000000000010 /* RaceState.swift */; };
		A10000010000000000000011 /* TrackDefinition.swift in Sources */ = {isa = PBXBuildFile; fileRef = A20000010000000000000011 /* TrackDefinition.swift */; };
		A10000010000000000000012 /* Assets.xcassets in Resources */ = {isa = PBXBuildFile; fileRef = A20000010000000000000012 /* Assets.xcassets */; };
		A10000010000000000000013 /* GameSettings.swift in Sources */ = {isa = PBXBuildFile; fileRef = A20000010000000000000014 /* GameSettings.swift */; };
		A10000010000000000000014 /* SoundManager.swift in Sources */ = {isa = PBXBuildFile; fileRef = A20000010000000000000015 /* SoundManager.swift */; };
		A10000010000000000000015 /* RaceScene3DController.swift in Sources */ = {isa = PBXBuildFile; fileRef = A20000010000000000000016 /* RaceScene3DController.swift */; };
		A10000010000000000000016 /* SceneKitRaceView.swift in Sources */ = {isa = PBXBuildFile; fileRef = A20000010000000000000017 /* SceneKitRaceView.swift */; };
		A10000010000000000000017 /* CharacterDefinition.swift in Sources */ = {isa = PBXBuildFile; fileRef = A20000010000000000000018 /* CharacterDefinition.swift */; };
		A10000010000000000000018 /* CupDefinition.swift in Sources */ = {isa = PBXBuildFile; fileRef = A20000010000000000000019 /* CupDefinition.swift */; };
		A10000010000000000000019 /* CupResultsScene.swift in Sources */ = {isa = PBXBuildFile; fileRef = A20000010000000000000020 /* CupResultsScene.swift */; };
		A10000010000000000000020 /* GameCenterManager.swift in Sources */ = {isa = PBXBuildFile; fileRef = A20000010000000000000021 /* GameCenterManager.swift */; };
		A10000010000000000000021 /* CartModelBuilder.swift in Sources */ = {isa = PBXBuildFile; fileRef = A20000010000000000000022 /* CartModelBuilder.swift */; };
		A10000010000000000000023 /* Item3DModels.swift in Sources */ = {isa = PBXBuildFile; fileRef = A20000010000000000000025 /* Item3DModels.swift */; };
		A10000010000000000000022 /* Sounds in Resources */ = {isa = PBXBuildFile; fileRef = A20000010000000000000023 /* Sounds */; };
		B10000010000000000000001 /* GameKit.framework in Frameworks */ = {isa = PBXBuildFile; fileRef = B20000010000000000000001 /* GameKit.framework */; };

/* Begin PBXFileReference section */
		A20000010000000000000001 /* CartKartApp.swift */ = {isa = PBXFileReference; lastKnownFileType = sourcecode.swift; path = CartKartApp.swift; sourceTree = "<group>"; };
		A20000010000000000000002 /* ContentView.swift */ = {isa = PBXFileReference; lastKnownFileType = sourcecode.swift; path = ContentView.swift; sourceTree = "<group>"; };
		A20000010000000000000003 /* MenuScene.swift */ = {isa = PBXFileReference; lastKnownFileType = sourcecode.swift; path = MenuScene.swift; sourceTree = "<group>"; };
		A20000010000000000000004 /* GameScene.swift */ = {isa = PBXFileReference; lastKnownFileType = sourcecode.swift; path = GameScene.swift; sourceTree = "<group>"; };
		A20000010000000000000005 /* ResultsScene.swift */ = {isa = PBXFileReference; lastKnownFileType = sourcecode.swift; path = ResultsScene.swift; sourceTree = "<group>"; };
		A20000010000000000000006 /* CartRacer.swift */ = {isa = PBXFileReference; lastKnownFileType = sourcecode.swift; path = CartRacer.swift; sourceTree = "<group>"; };
		A20000010000000000000007 /* AIController.swift */ = {isa = PBXFileReference; lastKnownFileType = sourcecode.swift; path = AIController.swift; sourceTree = "<group>"; };
		A20000010000000000000008 /* InputManager.swift */ = {isa = PBXFileReference; lastKnownFileType = sourcecode.swift; path = InputManager.swift; sourceTree = "<group>"; };
		A20000010000000000000009 /* PowerUpType.swift */ = {isa = PBXFileReference; lastKnownFileType = sourcecode.swift; path = PowerUpType.swift; sourceTree = "<group>"; };
		A20000010000000000000010 /* RaceState.swift */ = {isa = PBXFileReference; lastKnownFileType = sourcecode.swift; path = RaceState.swift; sourceTree = "<group>"; };
		A20000010000000000000011 /* TrackDefinition.swift */ = {isa = PBXFileReference; lastKnownFileType = sourcecode.swift; path = TrackDefinition.swift; sourceTree = "<group>"; };
		A20000010000000000000012 /* Assets.xcassets */ = {isa = PBXFileReference; lastKnownFileType = folder.assetcatalog; path = Assets.xcassets; sourceTree = "<group>"; };
		A20000010000000000000013 /* Info.plist */ = {isa = PBXFileReference; lastKnownFileType = text.plist.xml; path = Info.plist; sourceTree = "<group>"; };
		A20000010000000000000014 /* GameSettings.swift */ = {isa = PBXFileReference; lastKnownFileType = sourcecode.swift; path = GameSettings.swift; sourceTree = "<group>"; };
		A20000010000000000000015 /* SoundManager.swift */ = {isa = PBXFileReference; lastKnownFileType = sourcecode.swift; path = SoundManager.swift; sourceTree = "<group>"; };
		A20000010000000000000016 /* RaceScene3DController.swift */ = {isa = PBXFileReference; lastKnownFileType = sourcecode.swift; path = RaceScene3DController.swift; sourceTree = "<group>"; };
		A20000010000000000000017 /* SceneKitRaceView.swift */ = {isa = PBXFileReference; lastKnownFileType = sourcecode.swift; path = SceneKitRaceView.swift; sourceTree = "<group>"; };
		A20000010000000000000018 /* CharacterDefinition.swift */ = {isa = PBXFileReference; lastKnownFileType = sourcecode.swift; path = CharacterDefinition.swift; sourceTree = "<group>"; };
		A20000010000000000000019 /* CupDefinition.swift */ = {isa = PBXFileReference; lastKnownFileType = sourcecode.swift; path = CupDefinition.swift; sourceTree = "<group>"; };
		A20000010000000000000020 /* CupResultsScene.swift */ = {isa = PBXFileReference; lastKnownFileType = sourcecode.swift; path = CupResultsScene.swift; sourceTree = "<group>"; };
		A20000010000000000000021 /* GameCenterManager.swift */ = {isa = PBXFileReference; lastKnownFileType = sourcecode.swift; path = GameCenterManager.swift; sourceTree = "<group>"; };
		A20000010000000000000022 /* CartModelBuilder.swift */ = {isa = PBXFileReference; lastKnownFileType = sourcecode.swift; path = CartModelBuilder.swift; sourceTree = "<group>"; };
		A20000010000000000000025 /* Item3DModels.swift */ = {isa = PBXFileReference; lastKnownFileType = sourcecode.swift; path = Item3DModels.swift; sourceTree = "<group>"; };
		A20000010000000000000023 /* Sounds */ = {isa = PBXFileReference; lastKnownFileType = folder; path = Sounds; sourceTree = "<group>"; };
		A20000010000000000000024 /* CartKart.entitlements */ = {isa = PBXFileReference; lastKnownFileType = text.plist.entitlements; path = CartKart.entitlements; sourceTree = "<group>"; };
		B20000010000000000000001 /* GameKit.framework */ = {isa = PBXFileReference; lastKnownFileType = wrapper.framework; name = GameKit.framework; path = System/Library/Frameworks/GameKit.framework; sourceTree = SDKROOT; };
		A30000010000000000000001 /* CartKart.app */ = {isa = PBXFileReference; explicitFileType = wrapper.application; includeInIndex = 0; path = CartKart.app; sourceTree = BUILT_PRODUCTS_DIR; };
/* End PBXFileReference section */

/* Begin PBXFrameworksBuildPhase section */
		A40000010000000000000001 /* Frameworks */ = {
			isa = PBXFrameworksBuildPhase;
			buildActionMask = 2147483647;
			files = (
				B10000010000000000000001 /* GameKit.framework in Frameworks */,
			);
			runOnlyForDeploymentPostprocessing = 0;
		};
/* End PBXFrameworksBuildPhase section */

/* Begin PBXGroup section */
		A50000010000000000000001 = {
			isa = PBXGroup;
			children = (
				A50000010000000000000002 /* CartKart */,
				A50000010000000000000003 /* Products */,
			);
			sourceTree = "<group>";
		};
		A50000010000000000000002 /* CartKart */ = {
			isa = PBXGroup;
			children = (
				A50000010000000000000004 /* App */,
				A50000010000000000000005 /* Scenes */,
				A50000010000000000000006 /* Entities */,
				A50000010000000000000007 /* Models */,
				A50000010000000000000008 /* Systems */,
				A50000010000000000000009 /* SceneKit */,
				A20000010000000000000012 /* Assets.xcassets */,
				A20000010000000000000023 /* Sounds */,
				A20000010000000000000013 /* Info.plist */,
				A20000010000000000000024 /* CartKart.entitlements */,
			);
			path = CartKart;
			sourceTree = "<group>";
		};
		A50000010000000000000003 /* Products */ = {
			isa = PBXGroup;
			children = (
				A30000010000000000000001 /* CartKart.app */,
			);
			name = Products;
			sourceTree = "<group>";
		};
		A50000010000000000000004 /* App */ = {
			isa = PBXGroup;
			children = (
				A20000010000000000000001 /* CartKartApp.swift */,
				A20000010000000000000002 /* ContentView.swift */,
			);
			path = App;
			sourceTree = "<group>";
		};
		A50000010000000000000005 /* Scenes */ = {
			isa = PBXGroup;
			children = (
				A20000010000000000000003 /* MenuScene.swift */,
				A20000010000000000000004 /* GameScene.swift */,
				A20000010000000000000005 /* ResultsScene.swift */,
				A20000010000000000000020 /* CupResultsScene.swift */,
			);
			path = Scenes;
			sourceTree = "<group>";
		};
		A50000010000000000000006 /* Entities */ = {
			isa = PBXGroup;
			children = (
				A20000010000000000000006 /* CartRacer.swift */,
			);
			path = Entities;
			sourceTree = "<group>";
		};
		A50000010000000000000007 /* Models */ = {
			isa = PBXGroup;
			children = (
				A20000010000000000000009 /* PowerUpType.swift */,
				A20000010000000000000010 /* RaceState.swift */,
				A20000010000000000000011 /* TrackDefinition.swift */,
				A20000010000000000000014 /* GameSettings.swift */,
				A20000010000000000000018 /* CharacterDefinition.swift */,
				A20000010000000000000019 /* CupDefinition.swift */,
			);
			path = Models;
			sourceTree = "<group>";
		};
		A50000010000000000000008 /* Systems */ = {
			isa = PBXGroup;
			children = (
				A20000010000000000000007 /* AIController.swift */,
				A20000010000000000000008 /* InputManager.swift */,
				A20000010000000000000015 /* SoundManager.swift */,
				A20000010000000000000021 /* GameCenterManager.swift */,
			);
			path = Systems;
			sourceTree = "<group>";
		};
		A50000010000000000000009 /* SceneKit */ = {
			isa = PBXGroup;
			children = (
				A20000010000000000000016 /* RaceScene3DController.swift */,
				A20000010000000000000017 /* SceneKitRaceView.swift */,
				A20000010000000000000022 /* CartModelBuilder.swift */,
				A20000010000000000000025 /* Item3DModels.swift */,
			);
			path = SceneKit;
			sourceTree = "<group>";
		};
/* End PBXGroup section */

/* Begin PBXNativeTarget section */
		A60000010000000000000001 /* CartKart */ = {
			isa = PBXNativeTarget;
			buildConfigurationList = A80000010000000000000003 /* Build configuration list for PBXNativeTarget "CartKart" */;
			buildPhases = (
				A70000010000000000000001 /* Sources */,
				A40000010000000000000001 /* Frameworks */,
				A70000010000000000000002 /* Resources */,
			);
			buildRules = (
			);
			dependencies = (
			);
			name = CartKart;
			productName = CartKart;
			productReference = A30000010000000000000001 /* CartKart.app */;
			productType = "com.apple.product-type.application";
		};
/* End PBXNativeTarget section */

/* Begin PBXProject section */
		A90000010000000000000001 /* Project object */ = {
			isa = PBXProject;
			attributes = {
				BuildIndependentTargetsInParallel = 1;
				LastSwiftUpdateCheck = 1500;
				LastUpgradeCheck = 1500;
				TargetAttributes = {
					A60000010000000000000001 = {
						CreatedOnToolsVersion = 15.0;
					};
				};
			};
			buildConfigurationList = A80000010000000000000001 /* Build configuration list for PBXProject "CartKart" */;
			compatibilityVersion = "Xcode 14.0";
			developmentRegion = en;
			hasScannedForEncodings = 0;
			knownRegions = (
				en,
				Base,
			);
			mainGroup = A50000010000000000000001;
			productRefGroup = A50000010000000000000003 /* Products */;
			projectDirPath = "";
			projectRoot = "";
			targets = (
				A60000010000000000000001 /* CartKart */,
			);
		};
/* End PBXProject section */

/* Begin PBXResourcesBuildPhase section */
		A70000010000000000000002 /* Resources */ = {
			isa = PBXResourcesBuildPhase;
			buildActionMask = 2147483647;
			files = (
				A10000010000000000000012 /* Assets.xcassets in Resources */,
				A10000010000000000000022 /* Sounds in Resources */,
			);
			runOnlyForDeploymentPostprocessing = 0;
		};
/* End PBXResourcesBuildPhase section */

/* Begin PBXSourcesBuildPhase section */
		A70000010000000000000001 /* Sources */ = {
			isa = PBXSourcesBuildPhase;
			buildActionMask = 2147483647;
			files = (
				A10000010000000000000001 /* CartKartApp.swift in Sources */,
				A10000010000000000000002 /* ContentView.swift in Sources */,
				A10000010000000000000003 /* MenuScene.swift in Sources */,
				A10000010000000000000004 /* GameScene.swift in Sources */,
				A10000010000000000000005 /* ResultsScene.swift in Sources */,
				A10000010000000000000006 /* CartRacer.swift in Sources */,
				A10000010000000000000007 /* AIController.swift in Sources */,
				A10000010000000000000008 /* InputManager.swift in Sources */,
				A10000010000000000000009 /* PowerUpType.swift in Sources */,
				A10000010000000000000010 /* RaceState.swift in Sources */,
				A10000010000000000000011 /* TrackDefinition.swift in Sources */,
				A10000010000000000000013 /* GameSettings.swift in Sources */,
				A10000010000000000000014 /* SoundManager.swift in Sources */,
				A10000010000000000000015 /* RaceScene3DController.swift in Sources */,
				A10000010000000000000016 /* SceneKitRaceView.swift in Sources */,
				A10000010000000000000017 /* CharacterDefinition.swift in Sources */,
				A10000010000000000000018 /* CupDefinition.swift in Sources */,
				A10000010000000000000019 /* CupResultsScene.swift in Sources */,
				A10000010000000000000020 /* GameCenterManager.swift in Sources */,
				A10000010000000000000021 /* CartModelBuilder.swift in Sources */,
				A10000010000000000000023 /* Item3DModels.swift in Sources */,
			);
			runOnlyForDeploymentPostprocessing = 0;
		};
/* End PBXSourcesBuildPhase section */

/* Begin XCBuildConfiguration section */
		AA0000010000000000000001 /* Debug */ = {
			isa = XCBuildConfiguration;
			buildSettings = {
				ALWAYS_SEARCH_USER_PATHS = NO;
				CLANG_ANALYZER_NONNULL = YES;
				CLANG_CXX_LANGUAGE_STANDARD = "gnu++20";
				CLANG_ENABLE_MODULES = YES;
				CLANG_ENABLE_OBJC_ARC = YES;
				COPY_PHASE_STRIP = NO;
				DEBUG_INFORMATION_FORMAT = dwarf;
				ENABLE_STRICT_OBJC_MSGSEND = YES;
				ENABLE_TESTABILITY = YES;
				GCC_DYNAMIC_NO_PIC = NO;
				GCC_OPTIMIZATION_LEVEL = 0;
				GCC_PREPROCESSOR_DEFINITIONS = (
					"DEBUG=1",
					"$(inherited)",
				);
				IPHONEOS_DEPLOYMENT_TARGET = 16.0;
				MTL_ENABLE_DEBUG_INFO = INCLUDE_SOURCE;
				ONLY_ACTIVE_ARCH = YES;
				SDKROOT = iphoneos;
				SWIFT_ACTIVE_COMPILATION_CONDITIONS = DEBUG;
				SWIFT_OPTIMIZATION_LEVEL = "-Onone";
			};
			name = Debug;
		};
		AA0000010000000000000002 /* Release */ = {
			isa = XCBuildConfiguration;
			buildSettings = {
				ALWAYS_SEARCH_USER_PATHS = NO;
				CLANG_ANALYZER_NONNULL = YES;
				CLANG_CXX_LANGUAGE_STANDARD = "gnu++20";
				CLANG_ENABLE_MODULES = YES;
				CLANG_ENABLE_OBJC_ARC = YES;
				COPY_PHASE_STRIP = NO;
				DEBUG_INFORMATION_FORMAT = "dwarf-with-dsym";
				ENABLE_NS_ASSERTIONS = NO;
				ENABLE_STRICT_OBJC_MSGSEND = YES;
				IPHONEOS_DEPLOYMENT_TARGET = 16.0;
				MTL_ENABLE_DEBUG_INFO = NO;
				SDKROOT = iphoneos;
				SWIFT_COMPILATION_MODE = wholemodule;
				VALIDATE_PRODUCT = YES;
			};
			name = Release;
		};
		AA0000010000000000000003 /* Debug */ = {
			isa = XCBuildConfiguration;
			buildSettings = {
				ASSETCATALOG_COMPILER_APPICON_NAME = AppIcon;
				ASSETCATALOG_COMPILER_GLOBAL_ACCENT_COLOR_NAME = AccentColor;
				CODE_SIGN_ENTITLEMENTS = CartKart/CartKart.entitlements;
				CODE_SIGN_STYLE = Automatic;
				CURRENT_PROJECT_VERSION = 1;
				DEVELOPMENT_TEAM = "";
				GENERATE_INFOPLIST_FILE = NO;
				INFOPLIST_FILE = CartKart/Info.plist;
				INFOPLIST_KEY_UIApplicationSupportsIndirectInputEvents = YES;
				INFOPLIST_KEY_UILaunchScreen_Generation = YES;
				INFOPLIST_KEY_UISupportedInterfaceOrientations = UIInterfaceOrientationPortrait;
				LD_RUNPATH_SEARCH_PATHS = (
					"$(inherited)",
					"@executable_path/Frameworks",
				);
				MARKETING_VERSION = 1.0;
				PRODUCT_BUNDLE_IDENTIFIER = com.cartkart.grocerygauntlet;
				PRODUCT_NAME = "$(TARGET_NAME)";
				SWIFT_EMIT_LOC_STRINGS = YES;
				SWIFT_VERSION = 5.0;
				TARGETED_DEVICE_FAMILY = 1;
			};
			name = Debug;
		};
		AA0000010000000000000004 /* Release */ = {
			isa = XCBuildConfiguration;
			buildSettings = {
				ASSETCATALOG_COMPILER_APPICON_NAME = AppIcon;
				ASSETCATALOG_COMPILER_GLOBAL_ACCENT_COLOR_NAME = AccentColor;
				CODE_SIGN_ENTITLEMENTS = CartKart/CartKart.entitlements;
				CODE_SIGN_STYLE = Automatic;
				CURRENT_PROJECT_VERSION = 1;
				DEVELOPMENT_TEAM = "";
				GENERATE_INFOPLIST_FILE = NO;
				INFOPLIST_FILE = CartKart/Info.plist;
				INFOPLIST_KEY_UIApplicationSupportsIndirectInputEvents = YES;
				INFOPLIST_KEY_UILaunchScreen_Generation = YES;
				INFOPLIST_KEY_UISupportedInterfaceOrientations = UIInterfaceOrientationPortrait;
				LD_RUNPATH_SEARCH_PATHS = (
					"$(inherited)",
					"@executable_path/Frameworks",
				);
				MARKETING_VERSION = 1.0;
				PRODUCT_BUNDLE_IDENTIFIER = com.cartkart.grocerygauntlet;
				PRODUCT_NAME = "$(TARGET_NAME)";
				SWIFT_EMIT_LOC_STRINGS = YES;
				SWIFT_VERSION = 5.0;
				TARGETED_DEVICE_FAMILY = 1;
			};
			name = Release;
		};
/* End XCBuildConfiguration section */

/* Begin XCConfigurationList section */
		A80000010000000000000001 /* Build configuration list for PBXProject "CartKart" */ = {
			isa = XCConfigurationList;
			buildConfigurations = (
				AA0000010000000000000001 /* Debug */,
				AA0000010000000000000002 /* Release */,
			);
			defaultConfigurationIsVisible = 0;
			defaultConfigurationName = Release;
		};
		A80000010000000000000003 /* Build configuration list for PBXNativeTarget "CartKart" */ = {
			isa = XCConfigurationList;
			buildConfigurations = (
				AA0000010000000000000003 /* Debug */,
				AA0000010000000000000004 /* Release */,
			);
			defaultConfigurationIsVisible = 0;
			defaultConfigurationName = Release;
		};
/* End XCConfigurationList section */
	};
	rootObject = A90000010000000000000001 /* Project object */;
}
